// !$*UTF8*$!
{
	archiveVersion = 1;
	classes = {
	};
	objectVersion = 48;
	objects = {

/* Begin PBXBuildFile section */
		1135AF6B1FF2DCFE00D6FA6F /* AppDelegate.swift in Sources */ = {isa = PBXBuildFile; fileRef = 1135AF6A1FF2DCFE00D6FA6F /* AppDelegate.swift */; };
		1135AF6D1FF2DCFE00D6FA6F /* ViewController.swift in Sources */ = {isa = PBXBuildFile; fileRef = 1135AF6C1FF2DCFE00D6FA6F /* ViewController.swift */; };
		1135AF701FF2DCFE00D6FA6F /* Main.storyboard in Resources */ = {isa = PBXBuildFile; fileRef = 1135AF6E1FF2DCFE00D6FA6F /* Main.storyboard */; };
		1135AF721FF2DCFE00D6FA6F /* Assets.xcassets in Resources */ = {isa = PBXBuildFile; fileRef = 1135AF711FF2DCFE00D6FA6F /* Assets.xcassets */; };
		1135AF751FF2DCFE00D6FA6F /* LaunchScreen.storyboard in Resources */ = {isa = PBXBuildFile; fileRef = 1135AF731FF2DCFE00D6FA6F /* LaunchScreen.storyboard */; };
		1135AF801FF2DCFE00D6FA6F /* RelativeCalculatorTests.swift in Sources */ = {isa = PBXBuildFile; fileRef = 1135AF7F1FF2DCFE00D6FA6F /* RelativeCalculatorTests.swift */; };
		1135AF8B1FF2DCFE00D6FA6F /* RelativeCalculatorUITests.swift in Sources */ = {isa = PBXBuildFile; fileRef = 1135AF8A1FF2DCFE00D6FA6F /* RelativeCalculatorUITests.swift */; };
/* End PBXBuildFile section */

/* Begin PBXContainerItemProxy section */
		1135AF7C1FF2DCFE00D6FA6F /* PBXContainerItemProxy */ = {
			isa = PBXContainerItemProxy;
			containerPortal = 1135AF5F1FF2DCFE00D6FA6F /* Project object */;
			proxyType = 1;
			remoteGlobalIDString = 1135AF661FF2DCFE00D6FA6F;
			remoteInfo = RelativeCalculator;
		};
		1135AF871FF2DCFE00D6FA6F /* PBXContainerItemProxy */ = {
			isa = PBXContainerItemProxy;
			containerPortal = 1135AF5F1FF2DCFE00D6FA6F /* Project object */;
			proxyType = 1;
			remoteGlobalIDString = 1135AF661FF2DCFE00D6FA6F;
			remoteInfo = RelativeCalculator;
		};
/* End PBXContainerItemProxy section */

/* Begin PBXFileReference section */
		1135AF671FF2DCFE00D6FA6F /* RelativeCalculator.app */ = {isa = PBXFileReference; explicitFileType = wrapper.application; includeInIndex = 0; path = RelativeCalculator.app; sourceTree = BUILT_PRODUCTS_DIR; };
		1135AF6A1FF2DCFE00D6FA6F /* AppDelegate.swift */ = {isa = PBXFileReference; lastKnownFileType = sourcecode.swift; path = AppDelegate.swift; sourceTree = "<group>"; };
		1135AF6C1FF2DCFE00D6FA6F /* ViewController.swift */ = {isa = PBXFileReference; lastKnownFileType = sourcecode.swift; path = ViewController.swift; sourceTree = "<group>"; };
		1135AF6F1FF2DCFE00D6FA6F /* Base */ = {isa = PBXFileReference; lastKnownFileType = file.storyboard; name = Base; path = Base.lproj/Main.storyboard; sourceTree = "<group>"; };
		1135AF711FF2DCFE00D6FA6F /* Assets.xcassets */ = {isa = PBXFileReference; lastKnownFileType = folder.assetcatalog; path = Assets.xcassets; sourceTree = "<group>"; };
		1135AF741FF2DCFE00D6FA6F /* Base */ = {isa = PBXFileReference; lastKnownFileType = file.storyboard; name = Base; path = Base.lproj/LaunchScreen.storyboard; sourceTree = "<group>"; };
		1135AF761FF2DCFE00D6FA6F /* Info.plist */ = {isa = PBXFileReference; lastKnownFileType = text.plist.xml; path = Info.plist; sourceTree = "<group>"; };
		1135AF7B1FF2DCFE00D6FA6F /* RelativeCalculatorTests.xctest */ = {isa = PBXFileReference; explicitFileType = wrapper.cfbundle; includeInIndex = 0; path = RelativeCalculatorTests.xctest; sourceTree = BUILT_PRODUCTS_DIR; };
		1135AF7F1FF2DCFE00D6FA6F /* RelativeCalculatorTests.swift */ = {isa = PBXFileReference; lastKnownFileType = sourcecode.swift; path = RelativeCalculatorTests.swift; sourceTree = "<group>"; };
		1135AF811FF2DCFE00D6FA6F /* Info.plist */ = {isa = PBXFileReference; lastKnownFileType = text.plist.xml; path = Info.plist; sourceTree = "<group>"; };
		1135AF861FF2DCFE00D6FA6F /* RelativeCalculatorUITests.xctest */ = {isa = PBXFileReference; explicitFileType = wrapper.cfbundle; includeInIndex = 0; path = RelativeCalculatorUITests.xctest; sourceTree = BUILT_PRODUCTS_DIR; };
		1135AF8A1FF2DCFE00D6FA6F /* RelativeCalculatorUITests.swift */ = {isa = PBXFileReference; lastKnownFileType = sourcecode.swift; path = RelativeCalculatorUITests.swift; sourceTree = "<group>"; };
		1135AF8C1FF2DCFE00D6FA6F /* Info.plist */ = {isa = PBXFileReference; lastKnownFileType = text.plist.xml; path = Info.plist; sourceTree = "<group>"; };
/* End PBXFileReference section */

/* Begin PBXFrameworksBuildPhase section */
		1135AF641FF2DCFE00D6FA6F /* Frameworks */ = {
			isa = PBXFrameworksBuildPhase;
			buildActionMask = 2147483647;
			files = (
			);
			runOnlyForDeploymentPostprocessing = 0;
		};
		1135AF781FF2DCFE00D6FA6F /* Frameworks */ = {
			isa = PBXFrameworksBuildPhase;
			buildActionMask = 2147483647;
			files = (
			);
			runOnlyForDeploymentPostprocessing = 0;
		};
		1135AF831FF2DCFE00D6FA6F /* Frameworks */ = {
			isa = PBXFrameworksBuildPhase;
			buildActionMask = 2147483647;
			files = (
			);
			runOnlyForDeploymentPostprocessing = 0;
		};
/* End PBXFrameworksBuildPhase section */

/* Begin PBXGroup section */
		1135AF5E1FF2DCFE00D6FA6F = {
			isa = PBXGroup;
			children = (
				1135AF691FF2DCFE00D6FA6F /* RelativeCalculator */,
				1135AF7E1FF2DCFE00D6FA6F /* RelativeCalculatorTests */,
				1135AF891FF2DCFE00D6FA6F /* RelativeCalculatorUITests */,
				1135AF681FF2DCFE00D6FA6F /* Products */,
			);
			sourceTree = "<group>";
		};
		1135AF681FF2DCFE00D6FA6F /* Products */ = {
			isa = PBXGroup;
			children = (
				1135AF671FF2DCFE00D6FA6F /* RelativeCalculator.app */,
				1135AF7B1FF2DCFE00D6FA6F /* RelativeCalculatorTests.xctest */,
				1135AF861FF2DCFE00D6FA6F /* RelativeCalculatorUITests.xctest */,
			);
			name = Products;
			sourceTree = "<group>";
		};
		1135AF691FF2DCFE00D6FA6F /* RelativeCalculator */ = {
			isa = PBXGroup;
			children = (
				1135AF6A1FF2DCFE00D6FA6F /* AppDelegate.swift */,
				1135AF6C1FF2DCFE00D6FA6F /* ViewController.swift */,
				1135AF6E1FF2DCFE00D6FA6F /* Main.storyboard */,
				1135AF711FF2DCFE00D6FA6F /* Assets.xcassets */,
				1135AF731FF2DCFE00D6FA6F /* LaunchScreen.storyboard */,
				1135AF761FF2DCFE00D6FA6F /* Info.plist */,
			);
			path = RelativeCalculator;
			sourceTree = "<group>";
		};
		1135AF7E1FF2DCFE00D6FA6F /* RelativeCalculatorTests */ = {
			isa = PBXGroup;
			children = (
				1135AF7F1FF2DCFE00D6FA6F /* RelativeCalculatorTests.swift */,
				1135AF811FF2DCFE00D6FA6F /* Info.plist */,
			);
			path = RelativeCalculatorTests;
			sourceTree = "<group>";
		};
		1135AF891FF2DCFE00D6FA6F /* RelativeCalculatorUITests */ = {
			isa = PBXGroup;
			children = (
				1135AF8A1FF2DCFE00D6FA6F /* RelativeCalculatorUITests.swift */,
				1135AF8C1FF2DCFE00D6FA6F /* Info.plist */,
			);
			path = RelativeCalculatorUITests;
			sourceTree = "<group>";
		};
/* End PBXGroup section */

/* Begin PBXNativeTarget section */
		1135AF661FF2DCFE00D6FA6F /* RelativeCalculator */ = {
			isa = PBXNativeTarget;
			buildConfigurationList = 1135AF8F1FF2DCFE00D6FA6F /* Build configuration list for PBXNativeTarget "RelativeCalculator" */;
			buildPhases = (
				1135AF631FF2DCFE00D6FA6F /* Sources */,
				1135AF641FF2DCFE00D6FA6F /* Frameworks */,
				1135AF651FF2DCFE00D6FA6F /* Resources */,
			);
			buildRules = (
			);
			dependencies = (
			);
			name = RelativeCalculator;
			productName = RelativeCalculator;
			productReference = 1135AF671FF2DCFE00D6FA6F /* RelativeCalculator.app */;
			productType = "com.apple.product-type.application";
		};
		1135AF7A1FF2DCFE00D6FA6F /* RelativeCalculatorTests */ = {
			isa = PBXNativeTarget;
			buildConfigurationList = 1135AF921FF2DCFE00D6FA6F /* Build configuration list for PBXNativeTarget "RelativeCalculatorTests" */;
			buildPhases = (
				1135AF771FF2DCFE00D6FA6F /* Sources */,
				1135AF781FF2DCFE00D6FA6F /* Frameworks */,
				1135AF791FF2DCFE00D6FA6F /* Resources */,
			);
			buildRules = (
			);
			dependencies = (
				1135AF7D1FF2DCFE00D6FA6F /* PBXTargetDependency */,
			);
			name = RelativeCalculatorTests;
			productName = RelativeCalculatorTests;
			productReference = 1135AF7B1FF2DCFE00D6FA6F /* RelativeCalculatorTests.xctest */;
			productType = "com.apple.product-type.bundle.unit-test";
		};
		1135AF851FF2DCFE00D6FA6F /* RelativeCalculatorUITests */ = {
			isa = PBXNativeTarget;
			buildConfigurationList = 1135AF951FF2DCFE00D6FA6F /* Build configuration list for PBXNativeTarget "RelativeCalculatorUITests" */;
			buildPhases = (
				1135AF821FF2DCFE00D6FA6F /* Sources */,
				1135AF831FF2DCFE00D6FA6F /* Frameworks */,
				1135AF841FF2DCFE00D6FA6F /* Resources */,
			);
			buildRules = (
			);
			dependencies = (
				1135AF881FF2DCFE00D6FA6F /* PBXTargetDependency */,
			);
			name = RelativeCalculatorUITests;
			productName = RelativeCalculatorUITests;
			productReference = 1135AF861FF2DCFE00D6FA6F /* RelativeCalculatorUITests.xctest */;
			productType = "com.apple.product-type.bundle.ui-testing";
		};
/* End PBXNativeTarget section */

/* Begin PBXProject section */
		1135AF5F1FF2DCFE00D6FA6F /* Project object */ = {
			isa = PBXProject;
			attributes = {
				LastSwiftUpdateCheck = 0910;
				LastUpgradeCheck = 0910;
				ORGANIZATIONNAME = "Chau, Maggie";
				TargetAttributes = {
					1135AF661FF2DCFE00D6FA6F = {
						CreatedOnToolsVersion = 9.1;
						ProvisioningStyle = Automatic;
					};
					1135AF7A1FF2DCFE00D6FA6F = {
						CreatedOnToolsVersion = 9.1;
						ProvisioningStyle = Automatic;
						TestTargetID = 1135AF661FF2DCFE00D6FA6F;
					};
					1135AF851FF2DCFE00D6FA6F = {
						CreatedOnToolsVersion = 9.1;
						ProvisioningStyle = Automatic;
						TestTargetID = 1135AF661FF2DCFE00D6FA6F;
					};
				};
			};
			buildConfigurationList = 1135AF621FF2DCFE00D6FA6F /* Build configuration list for PBXProject "RelativeCalculator" */;
			compatibilityVersion = "Xcode 8.0";
			developmentRegion = en;
			hasScannedForEncodings = 0;
			knownRegions = (
				en,
				Base,
			);
			mainGroup = 1135AF5E1FF2DCFE00D6FA6F;
			productRefGroup = 1135AF681FF2DCFE00D6FA6F /* Products */;
			projectDirPath = "";
			projectRoot = "";
			targets = (
				1135AF661FF2DCFE00D6FA6F /* RelativeCalculator */,
				1135AF7A1FF2DCFE00D6FA6F /* RelativeCalculatorTests */,
				1135AF851FF2DCFE00D6FA6F /* RelativeCalculatorUITests */,
			);
		};
/* End PBXProject section */

/* Begin PBXResourcesBuildPhase section */
		1135AF651FF2DCFE00D6FA6F /* Resources */ = {
			isa = PBXResourcesBuildPhase;
			buildActionMask = 2147483647;
			files = (
				1135AF751FF2DCFE00D6FA6F /* LaunchScreen.storyboard in Resources */,
				1135AF721FF2DCFE00D6FA6F /* Assets.xcassets in Resources */,
				1135AF701FF2DCFE00D6FA6F /* Main.storyboard in Resources */,
			);
			runOnlyForDeploymentPostprocessing = 0;
		};
		1135AF791FF2DCFE00D6FA6F /* Resources */ = {
			isa = PBXResourcesBuildPhase;
			buildActionMask = 2147483647;
			files = (
			);
			runOnlyForDeploymentPostprocessing = 0;
		};
		1135AF841FF2DCFE00D6FA6F /* Resources */ = {
			isa = PBXResourcesBuildPhase;
			buildActionMask = 2147483647;
			files = (
			);
			runOnlyForDeploymentPostprocessing = 0;
		};
/* End PBXResourcesBuildPhase section */

/* Begin PBXSourcesBuildPhase section */
		1135AF631FF2DCFE00D6FA6F /* Sources */ = {
			isa = PBXSourcesBuildPhase;
			buildActionMask = 2147483647;
			files = (
				1135AF6D1FF2DCFE00D6FA6F /* ViewController.swift in Sources */,
				1135AF6B1FF2DCFE00D6FA6F /* AppDelegate.swift in Sources */,
			);
			runOnlyForDeploymentPostprocessing = 0;
		};
		1135AF771FF2DCFE00D6FA6F /* Sources */ = {
			isa = PBXSourcesBuildPhase;
			buildActionMask = 2147483647;
			files = (
				1135AF801FF2DCFE00D6FA6F /* RelativeCalculatorTests.swift in Sources */,
			);
			runOnlyForDeploymentPostprocessing = 0;
		};
		1135AF821FF2DCFE00D6FA6F /* Sources */ = {
			isa = PBXSourcesBuildPhase;
			buildActionMask = 2147483647;
			files = (
				1135AF8B1FF2DCFE00D6FA6F /* RelativeCalculatorUITests.swift in Sources */,
			);
			runOnlyForDeploymentPostprocessing = 0;
		};
/* End PBXSourcesBuildPhase section */

/* Begin PBXTargetDependency section */
		1135AF7D1FF2DCFE00D6FA6F /* PBXTargetDependency */ = {
			isa = PBXTargetDependency;
			target = 1135AF661FF2DCFE00D6FA6F /* RelativeCalculator */;
			targetProxy = 1135AF7C1FF2DCFE00D6FA6F /* PBXContainerItemProxy */;
		};
		1135AF881FF2DCFE00D6FA6F /* PBXTargetDependency */ = {
			isa = PBXTargetDependency;
			target = 1135AF661FF2DCFE00D6FA6F /* RelativeCalculator */;
			targetProxy = 1135AF871FF2DCFE00D6FA6F /* PBXContainerItemProxy */;
		};
/* End PBXTargetDependency section */

/* Begin PBXVariantGroup section */
		1135AF6E1FF2DCFE00D6FA6F /* Main.storyboard */ = {
			isa = PBXVariantGroup;
			children = (
				1135AF6F1FF2DCFE00D6FA6F /* Base */,
			);
			name = Main.storyboard;
			sourceTree = "<group>";
		};
		1135AF731FF2DCFE00D6FA6F /* LaunchScreen.storyboard */ = {
			isa = PBXVariantGroup;
			children = (
				1135AF741FF2DCFE00D6FA6F /* Base */,
			);
			name = LaunchScreen.storyboard;
			sourceTree = "<group>";
		};
/* End PBXVariantGroup section */

/* Begin XCBuildConfiguration section */
		1135AF8D1FF2DCFE00D6FA6F /* Debug */ = {
			isa = XCBuildConfiguration;
			buildSettings = {
				ALWAYS_SEARCH_USER_PATHS = NO;
				CLANG_ANALYZER_NONNULL = YES;
				CLANG_ANALYZER_NUMBER_OBJECT_CONVERSION = YES_AGGRESSIVE;
				CLANG_CXX_LANGUAGE_STANDARD = "gnu++14";
				CLANG_CXX_LIBRARY = "libc++";
				CLANG_ENABLE_MODULES = YES;
				CLANG_ENABLE_OBJC_ARC = YES;
				CLANG_WARN_BLOCK_CAPTURE_AUTORELEASING = YES;
				CLANG_WARN_BOOL_CONVERSION = YES;
				CLANG_WARN_COMMA = YES;
				CLANG_WARN_CONSTANT_CONVERSION = YES;
				CLANG_WARN_DIRECT_OBJC_ISA_USAGE = YES_ERROR;
				CLANG_WARN_DOCUMENTATION_COMMENTS = YES;
				CLANG_WARN_EMPTY_BODY = YES;
				CLANG_WARN_ENUM_CONVERSION = YES;
				CLANG_WARN_INFINITE_RECURSION = YES;
				CLANG_WARN_INT_CONVERSION = YES;
				CLANG_WARN_NON_LITERAL_NULL_CONVERSION = YES;
				CLANG_WARN_OBJC_LITERAL_CONVERSION = YES;
				CLANG_WARN_OBJC_ROOT_CLASS = YES_ERROR;
				CLANG_WARN_RANGE_LOOP_ANALYSIS = YES;
				CLANG_WARN_STRICT_PROTOTYPES = YES;
				CLANG_WARN_SUSPICIOUS_MOVE = YES;
				CLANG_WARN_UNGUARDED_AVAILABILITY = YES_AGGRESSIVE;
				CLANG_WARN_UNREACHABLE_CODE = YES;
				CLANG_WARN__DUPLICATE_METHOD_MATCH = YES;
				CODE_SIGN_IDENTITY = "iPhone Developer";
				COPY_PHASE_STRIP = NO;
				DEBUG_INFORMATION_FORMAT = dwarf;
				ENABLE_STRICT_OBJC_MSGSEND = YES;
				ENABLE_TESTABILITY = YES;
				GCC_C_LANGUAGE_STANDARD = gnu11;
				GCC_DYNAMIC_NO_PIC = NO;
				GCC_NO_COMMON_BLOCKS = YES;
				GCC_OPTIMIZATION_LEVEL = 0;
				GCC_PREPROCESSOR_DEFINITIONS = (
					"DEBUG=1",
					"$(inherited)",
				);
				GCC_WARN_64_TO_32_BIT_CONVERSION = YES;
				GCC_WARN_ABOUT_RETURN_TYPE = YES_ERROR;
				GCC_WARN_UNDECLARED_SELECTOR = YES;
				GCC_WARN_UNINITIALIZED_AUTOS = YES_AGGRESSIVE;
				GCC_WARN_UNUSED_FUNCTION = YES;
				GCC_WARN_UNUSED_VARIABLE = YES;
				IPHONEOS_DEPLOYMENT_TARGET = 11.1;
				MTL_ENABLE_DEBUG_INFO = YES;
				ONLY_ACTIVE_ARCH = YES;
				SDKROOT = iphoneos;
				SWIFT_ACTIVE_COMPILATION_CONDITIONS = DEBUG;
				SWIFT_OPTIMIZATION_LEVEL = "-Onone";
			};
			name = Debug;
		};
		1135AF8E1FF2DCFE00D6FA6F /* Release */ = {
			isa = XCBuildConfiguration;
			buildSettings = {
				ALWAYS_SEARCH_USER_PATHS = NO;
				CLANG_ANALYZER_NONNULL = YES;
				CLANG_ANALYZER_NUMBER_OBJECT_CONVERSION = YES_AGGRESSIVE;
				CLANG_CXX_LANGUAGE_STANDARD = "gnu++14";
				CLANG_CXX_LIBRARY = "libc++";
				CLANG_ENABLE_MODULES = YES;
				CLANG_ENABLE_OBJC_ARC = YES;
				CLANG_WARN_BLOCK_CAPTURE_AUTORELEASING = YES;
				CLANG_WARN_BOOL_CONVERSION = YES;
				CLANG_WARN_COMMA = YES;
				CLANG_WARN_CONSTANT_CONVERSION = YES;
				CLANG_WARN_DIRECT_OBJC_ISA_USAGE = YES_ERROR;
				CLANG_WARN_DOCUMENTATION_COMMENTS = YES;
				CLANG_WARN_EMPTY_BODY = YES;
				CLANG_WARN_ENUM_CONVERSION = YES;
				CLANG_WARN_INFINITE_RECURSION = YES;
				CLANG_WARN_INT_CONVERSION = YES;
				CLANG_WARN_NON_LITERAL_NULL_CONVERSION = YES;
				CLANG_WARN_OBJC_LITERAL_CONVERSION = YES;
				CLANG_WARN_OBJC_ROOT_CLASS = YES_ERROR;
				CLANG_WARN_RANGE_LOOP_ANALYSIS = YES;
				CLANG_WARN_STRICT_PROTOTYPES = YES;
				CLANG_WARN_SUSPICIOUS_MOVE = YES;
				CLANG_WARN_UNGUARDED_AVAILABILITY = YES_AGGRESSIVE;
				CLANG_WARN_UNREACHABLE_CODE = YES;
				CLANG_WARN__DUPLICATE_METHOD_MATCH = YES;
				CODE_SIGN_IDENTITY = "iPhone Developer";
				COPY_PHASE_STRIP = NO;
				DEBUG_INFORMATION_FORMAT = "dwarf-with-dsym";
				ENABLE_NS_ASSERTIONS = NO;
				ENABLE_STRICT_OBJC_MSGSEND = YES;
				GCC_C_LANGUAGE_STANDARD = gnu11;
				GCC_NO_COMMON_BLOCKS = YES;
				GCC_WARN_64_TO_32_BIT_CONVERSION = YES;
				GCC_WARN_ABOUT_RETURN_TYPE = YES_ERROR;
				GCC_WARN_UNDECLARED_SELECTOR = YES;
				GCC_WARN_UNINITIALIZED_AUTOS = YES_AGGRESSIVE;
				GCC_WARN_UNUSED_FUNCTION = YES;
				GCC_WARN_UNUSED_VARIABLE = YES;
				IPHONEOS_DEPLOYMENT_TARGET = 11.1;
				MTL_ENABLE_DEBUG_INFO = NO;
				SDKROOT = iphoneos;
				SWIFT_OPTIMIZATION_LEVEL = "-Owholemodule";
				VALIDATE_PRODUCT = YES;
			};
			name = Release;
		};
		1135AF901FF2DCFE00D6FA6F /* Debug */ = {
			isa = XCBuildConfiguration;
			buildSettings = {
				ASSETCATALOG_COMPILER_APPICON_NAME = AppIcon;
				CODE_SIGN_STYLE = Automatic;
				INFOPLIST_FILE = RelativeCalculator/Info.plist;
				LD_RUNPATH_SEARCH_PATHS = "$(inherited) @executable_path/Frameworks";
				PRODUCT_BUNDLE_IDENTIFIER = com.magschau.RelativeCalculator;
				PRODUCT_NAME = "$(TARGET_NAME)";
				SWIFT_VERSION = 4.0;
				TARGETED_DEVICE_FAMILY = "1,2";
			};
			name = Debug;
		};
		1135AF911FF2DCFE00D6FA6F /* Release */ = {
			isa = XCBuildConfiguration;
			buildSettings = {
				ASSETCATALOG_COMPILER_APPICON_NAME = AppIcon;
				CODE_SIGN_STYLE = Automatic;
				INFOPLIST_FILE = RelativeCalculator/Info.plist;
				LD_RUNPATH_SEARCH_PATHS = "$(inherited) @executable_path/Frameworks";
				PRODUCT_BUNDLE_IDENTIFIER = com.magschau.RelativeCalculator;
				PRODUCT_NAME = "$(TARGET_NAME)";
				SWIFT_VERSION = 4.0;
				TARGETED_DEVICE_FAMILY = "1,2";
			};
			name = Release;
		};
		1135AF931FF2DCFE00D6FA6F /* Debug */ = {
			isa = XCBuildConfiguration;
			buildSettings = {
				ALWAYS_EMBED_SWIFT_STANDARD_LIBRARIES = YES;
				BUNDLE_LOADER = "$(TEST_HOST)";
				CODE_SIGN_STYLE = Automatic;
				INFOPLIST_FILE = RelativeCalculatorTests/Info.plist;
				LD_RUNPATH_SEARCH_PATHS = "$(inherited) @executable_path/Frameworks @loader_path/Frameworks";
				PRODUCT_BUNDLE_IDENTIFIER = com.magschau.RelativeCalculatorTests;
				PRODUCT_NAME = "$(TARGET_NAME)";
				SWIFT_VERSION = 4.0;
				TARGETED_DEVICE_FAMILY = "1,2";
				TEST_HOST = "$(BUILT_PRODUCTS_DIR)/RelativeCalculator.app/RelativeCalculator";
			};
			name = Debug;
		};
		1135AF941FF2DCFE00D6FA6F /* Release */ = {
			isa = XCBuildConfiguration;
			buildSettings = {
				ALWAYS_EMBED_SWIFT_STANDARD_LIBRARIES = YES;
				BUNDLE_LOADER = "$(TEST_HOST)";
				CODE_SIGN_STYLE = Automatic;
				INFOPLIST_FILE = RelativeCalculatorTests/Info.plist;
				LD_RUNPATH_SEARCH_PATHS = "$(inherited) @executable_path/Frameworks @loader_path/Frameworks";
				PRODUCT_BUNDLE_IDENTIFIER = com.magschau.RelativeCalculatorTests;
				PRODUCT_NAME = "$(TARGET_NAME)";
				SWIFT_VERSION = 4.0;
				TARGETED_DEVICE_FAMILY = "1,2";
				TEST_HOST = "$(BUILT_PRODUCTS_DIR)/RelativeCalculator.app/RelativeCalculator";
			};
			name = Release;
		};
		1135AF961FF2DCFE00D6FA6F /* Debug */ = {
			isa = XCBuildConfiguration;
			buildSettings = {
				ALWAYS_EMBED_SWIFT_STANDARD_LIBRARIES = YES;
				CODE_SIGN_STYLE = Automatic;
				INFOPLIST_FILE = RelativeCalculatorUITests/Info.plist;
				LD_RUNPATH_SEARCH_PATHS = "$(inherited) @executable_path/Frameworks @loader_path/Frameworks";
				PRODUCT_BUNDLE_IDENTIFIER = com.magschau.RelativeCalculatorUITests;
				PRODUCT_NAME = "$(TARGET_NAME)";
				SWIFT_VERSION = 4.0;
				TARGETED_DEVICE_FAMILY = "1,2";
				TEST_TARGET_NAME = RelativeCalculator;
			};
			name = Debug;
		};
		1135AF971FF2DCFE00D6FA6F /* Release */ = {
			isa = XCBuildConfiguration;
			buildSettings = {
				ALWAYS_EMBED_SWIFT_STANDARD_LIBRARIES = YES;
				CODE_SIGN_STYLE = Automatic;
				INFOPLIST_FILE = RelativeCalculatorUITests/Info.plist;
				LD_RUNPATH_SEARCH_PATHS = "$(inherited) @executable_path/Frameworks @loader_path/Frameworks";
				PRODUCT_BUNDLE_IDENTIFIER = com.magschau.RelativeCalculatorUITests;
				PRODUCT_NAME = "$(TARGET_NAME)";
				SWIFT_VERSION = 4.0;
				TARGETED_DEVICE_FAMILY = "1,2";
				TEST_TARGET_NAME = RelativeCalculator;
			};
			name = Release;
		};
/* End XCBuildConfiguration section */

/* Begin XCConfigurationList section */
		1135AF621FF2DCFE00D6FA6F /* Build configuration list for PBXProject "RelativeCalculator" */ = {
			isa = XCConfigurationList;
			buildConfigurations = (
				1135AF8D1FF2DCFE00D6FA6F /* Debug */,
				1135AF8E1FF2DCFE00D6FA6F /* Release */,
			);
			defaultConfigurationIsVisible = 0;
			defaultConfigurationName = Release;
		};
		1135AF8F1FF2DCFE00D6FA6F /* Build configuration list for PBXNativeTarget "RelativeCalculator" */ = {
			isa = XCConfigurationList;
			buildConfigurations = (
				1135AF901FF2DCFE00D6FA6F /* Debug */,
				1135AF911FF2DCFE00D6FA6F /* Release */,
			);
			defaultConfigurationIsVisible = 0;
			defaultConfigurationName = Release;
		};
		1135AF921FF2DCFE00D6FA6F /* Build configuration list for PBXNativeTarget "RelativeCalculatorTests" */ = {
			isa = XCConfigurationList;
			buildConfigurations = (
				1135AF931FF2DCFE00D6FA6F /* Debug */,
				1135AF941FF2DCFE00D6FA6F /* Release */,
			);
			defaultConfigurationIsVisible = 0;
			defaultConfigurationName = Release;
		};
		1135AF951FF2DCFE00D6FA6F /* Build configuration list for PBXNativeTarget "RelativeCalculatorUITests" */ = {
			isa = XCConfigurationList;
			buildConfigurations = (
				1135AF961FF2DCFE00D6FA6F /* Debug */,
				1135AF971FF2DCFE00D6FA6F /* Release */,
			);
			defaultConfigurationIsVisible = 0;
			defaultConfigurationName = Release;
		};
/* End XCConfigurationList section */
	};
	rootObject = 1135AF5F1FF2DCFE00D6FA6F /* Project object */;
}
